
Microsoft Visual Studio Solution File, Format Version 12.00
Project("{FAE04EC0-301F-11D3-BF4B-00C04F79EFBC}") = "_01_ByteBank", "_01_ByteBank\_01_ByteBank.csproj", "{B496CE34-EC05-4005-B16B-5962E42B09CA}"
EndProject
Project("{FAE04EC0-301F-11D3-BF4B-00C04F79EFBC}") = "_02_ByteBank", "_02_ByteBank\_02_ByteBank.csproj", "{F4DD5002-86A8-4D64-8DEC-1B844D4A9849}"
EndProject
Project("{FAE04EC0-301F-11D3-BF4B-00C04F79EFBC}") = "_03_ByteBank", "_03_ByteBank\_03_ByteBank.csproj", "{C4067450-F9B3-4A6C-AC21-2A9B083883C5}"
EndProject
Project("{FAE04EC0-301F-11D3-BF4B-00C04F79EFBC}") = "_04_ByteBank", "_04_ByteBank\_04_ByteBank.csproj", "{440697EB-8F8D-49E7-BEA7-A484B883E8DD}"
EndProject
Project("{FAE04EC0-301F-11D3-BF4B-00C04F79EFBC}") = "_05_ByteBank", "_05_ByteBank\_05_ByteBank.csproj", "{AF9E219C-8697-451F-A0D3-EBCB49F3D17F}"
EndProject
Project("{FAE04EC0-301F-11D3-BF4B-00C04F79EFBC}") = "_06_ByteBank", "_06_ByteBank\_06_ByteBank.csproj", "{CDB42C94-95A5-4962-9771-A445093264C1}"
EndProject
Project("{FAE04EC0-301F-11D3-BF4B-00C04F79EFBC}") = "_07_ByteBank", "_07_ByteBank\_07_ByteBank.csproj", "{CD0A28F9-E951-4044-B75B-E1E3326D2C95}"
EndProject
Global
	GlobalSection(SolutionConfigurationPlatforms) = preSolution
		Debug|Any CPU = Debug|Any CPU
		Release|Any CPU = Release|Any CPU
	EndGlobalSection
	GlobalSection(ProjectConfigurationPlatforms) = postSolution
		{B496CE34-EC05-4005-B16B-5962E42B09CA}.Debug|Any CPU.ActiveCfg = Debug|Any CPU
		{B496CE34-EC05-4005-B16B-5962E42B09CA}.Debug|Any CPU.Build.0 = Debug|Any CPU
		{B496CE34-EC05-4005-B16B-5962E42B09CA}.Release|Any CPU.ActiveCfg = Release|Any CPU
		{B496CE34-EC05-4005-B16B-5962E42B09CA}.Release|Any CPU.Build.0 = Release|Any CPU
		{F4DD5002-86A8-4D64-8DEC-1B844D4A9849}.Debug|Any CPU.ActiveCfg = Debug|Any CPU
		{F4DD5002-86A8-4D64-8DEC-1B844D4A9849}.Debug|Any CPU.Build.0 = Debug|Any CPU
		{F4DD5002-86A8-4D64-8DEC-1B844D4A9849}.Release|Any CPU.ActiveCfg = Release|Any CPU
		{F4DD5002-86A8-4D64-8DEC-1B844D4A9849}.Release|Any CPU.Build.0 = Release|Any CPU
		{C4067450-F9B3-4A6C-AC21-2A9B083883C5}.Debug|Any CPU.ActiveCfg = Debug|Any CPU
		{C4067450-F9B3-4A6C-AC21-2A9B083883C5}.Debug|Any CPU.Build.0 = Debug|Any CPU
		{C4067450-F9B3-4A6C-AC21-2A9B083883C5}.Release|Any CPU.ActiveCfg = Release|Any CPU
		{C4067450-F9B3-4A6C-AC21-2A9B083883C5}.Release|Any CPU.Build.0 = Release|Any CPU
		{440697EB-8F8D-49E7-BEA7-A484B883E8DD}.Debug|Any CPU.ActiveCfg = Debug|Any CPU
		{440697EB-8F8D-49E7-BEA7-A484B883E8DD}.Debug|Any CPU.Build.0 = Debug|Any CPU
		{440697EB-8F8D-49E7-BEA7-A484B883E8DD}.Release|Any CPU.ActiveCfg = Release|Any CPU
		{440697EB-8F8D-49E7-BEA7-A484B883E8DD}.Release|Any CPU.Build.0 = Release|Any CPU
		{AF9E219C-8697-451F-A0D3-EBCB49F3D17F}.Debug|Any CPU.ActiveCfg = Debug|Any CPU
		{AF9E219C-8697-451F-A0D3-EBCB49F3D17F}.Debug|Any CPU.Build.0 = Debug|Any CPU
		{AF9E219C-8697-451F-A0D3-EBCB49F3D17F}.Release|Any CPU.ActiveCfg = Release|Any CPU
		{AF9E219C-8697-451F-A0D3-EBCB49F3D17F}.Release|Any CPU.Build.0 = Release|Any CPU
		{CDB42C94-95A5-4962-9771-A445093264C1}.Debug|Any CPU.ActiveCfg = Debug|Any CPU
		{CDB42C94-95A5-4962-9771-A445093264C1}.Debug|Any CPU.Build.0 = Debug|Any CPU
		{CDB42C94-95A5-4962-9771-A445093264C1}.Release|Any CPU.ActiveCfg = Release|Any CPU
		{CDB42C94-95A5-4962-9771-A445093264C1}.Release|Any CPU.Build.0 = Release|Any CPU
		{CD0A28F9-E951-4044-B75B-E1E3326D2C95}.Debug|Any CPU.ActiveCfg = Debug|Any CPU
		{CD0A28F9-E951-4044-B75B-E1E3326D2C95}.Debug|Any CPU.Build.0 = Debug|Any CPU
		{CD0A28F9-E951-4044-B75B-E1E3326D2C95}.Release|Any CPU.ActiveCfg = Release|Any CPU
		{CD0A28F9-E951-4044-B75B-E1E3326D2C95}.Release|Any CPU.Build.0 = Release|Any CPU
	EndGlobalSection
EndGlobal
