
Microsoft Visual Studio Solution File, Format Version 12.00
Project("{FAE04EC0-301F-11D3-BF4B-00C04F79EFBC}") = "_01_ByteBank", "_01_ByteBank\_01_ByteBank.csproj", "{B496CE34-EC05-4005-B16B-5962E42B09CA}"
EndProject
Global
	GlobalSection(SolutionConfigurationPlatforms) = preSolution
		Debug|Any CPU = Debug|Any CPU
		Release|Any CPU = Release|Any CPU
	EndGlobalSection
	GlobalSection(ProjectConfigurationPlatforms) = postSolution
		{B496CE34-EC05-4005-B16B-5962E42B09CA}.Debug|Any CPU.ActiveCfg = Debug|Any CPU
		{B496CE34-EC05-4005-B16B-5962E42B09CA}.Debug|Any CPU.Build.0 = Debug|Any CPU
		{B496CE34-EC05-4005-B16B-5962E42B09CA}.Release|Any CPU.ActiveCfg = Release|Any CPU
		{B496CE34-EC05-4005-B16B-5962E42B09CA}.Release|Any CPU.Build.0 = Release|Any CPU
	EndGlobalSection
EndGlobal
